// !$*UTF8*$!
{
	archiveVersion = 1;
	classes = {
	};
	objectVersion = 46;
	objects = {

/* Begin PBXBuildFile section */
		7083797B1CCAFAFB000699C7 /* AppDelegate.swift in Sources */ = {isa = PBXBuildFile; fileRef = 7083797A1CCAFAFB000699C7 /* AppDelegate.swift */; };
		7083797D1CCAFAFB000699C7 /* ViewController.swift in Sources */ = {isa = PBXBuildFile; fileRef = 7083797C1CCAFAFB000699C7 /* ViewController.swift */; };
		708379801CCAFAFB000699C7 /* Main.storyboard in Resources */ = {isa = PBXBuildFile; fileRef = 7083797E1CCAFAFB000699C7 /* Main.storyboard */; };
		708379821CCAFAFB000699C7 /* Assets.xcassets in Resources */ = {isa = PBXBuildFile; fileRef = 708379811CCAFAFB000699C7 /* Assets.xcassets */; };
		708379851CCAFAFB000699C7 /* LaunchScreen.storyboard in Resources */ = {isa = PBXBuildFile; fileRef = 708379831CCAFAFB000699C7 /* LaunchScreen.storyboard */; };
		708379951CCB147D000699C7 /* todoModel.swift in Sources */ = {isa = PBXBuildFile; fileRef = 708379941CCB147D000699C7 /* todoModel.swift */; };
		708379971CCB1B1A000699C7 /* addTodoController.swift in Sources */ = {isa = PBXBuildFile; fileRef = 708379961CCB1B1A000699C7 /* addTodoController.swift */; };
/* End PBXBuildFile section */

/* Begin PBXFileReference section */
		708379771CCAFAFB000699C7 /* newTodoList.app */ = {isa = PBXFileReference; explicitFileType = wrapper.application; includeInIndex = 0; path = newTodoList.app; sourceTree = BUILT_PRODUCTS_DIR; };
		7083797A1CCAFAFB000699C7 /* AppDelegate.swift */ = {isa = PBXFileReference; lastKnownFileType = sourcecode.swift; path = AppDelegate.swift; sourceTree = "<group>"; };
		7083797C1CCAFAFB000699C7 /* ViewController.swift */ = {isa = PBXFileReference; lastKnownFileType = sourcecode.swift; path = ViewController.swift; sourceTree = "<group>"; };
		7083797F1CCAFAFB000699C7 /* Base */ = {isa = PBXFileReference; lastKnownFileType = file.storyboard; name = Base; path = Base.lproj/Main.storyboard; sourceTree = "<group>"; };
		708379811CCAFAFB000699C7 /* Assets.xcassets */ = {isa = PBXFileReference; lastKnownFileType = folder.assetcatalog; path = Assets.xcassets; sourceTree = "<group>"; };
		708379841CCAFAFB000699C7 /* Base */ = {isa = PBXFileReference; lastKnownFileType = file.storyboard; name = Base; path = Base.lproj/LaunchScreen.storyboard; sourceTree = "<group>"; };
		708379861CCAFAFB000699C7 /* Info.plist */ = {isa = PBXFileReference; lastKnownFileType = text.plist.xml; path = Info.plist; sourceTree = "<group>"; };
		708379941CCB147D000699C7 /* todoModel.swift */ = {isa = PBXFileReference; fileEncoding = 4; lastKnownFileType = sourcecode.swift; name = todoModel.swift; path = ../Models/todoModel.swift; sourceTree = "<group>"; };
		708379961CCB1B1A000699C7 /* addTodoController.swift */ = {isa = PBXFileReference; fileEncoding = 4; lastKnownFileType = sourcecode.swift; name = addTodoController.swift; path = newTodoList/Models/addTodoController.swift; sourceTree = SOURCE_ROOT; };
/* End PBXFileReference section */

/* Begin PBXFrameworksBuildPhase section */
		708379741CCAFAFB000699C7 /* Frameworks */ = {
			isa = PBXFrameworksBuildPhase;
			buildActionMask = 2147483647;
			files = (
			);
			runOnlyForDeploymentPostprocessing = 0;
		};
/* End PBXFrameworksBuildPhase section */

/* Begin PBXGroup section */
		7083796E1CCAFAFB000699C7 = {
			isa = PBXGroup;
			children = (
				708379791CCAFAFB000699C7 /* newTodoList */,
				708379781CCAFAFB000699C7 /* Products */,
			);
			sourceTree = "<group>";
		};
		708379781CCAFAFB000699C7 /* Products */ = {
			isa = PBXGroup;
			children = (
				708379771CCAFAFB000699C7 /* newTodoList.app */,
			);
			name = Products;
			sourceTree = "<group>";
		};
		708379791CCAFAFB000699C7 /* newTodoList */ = {
			isa = PBXGroup;
			children = (
				708379931CCB142E000699C7 /* Models */,
				7083798C1CCAFC97000699C7 /* ViewControllers */,
				7083797C1CCAFAFB000699C7 /* ViewController.swift */,
				7083797A1CCAFAFB000699C7 /* AppDelegate.swift */,
				7083797E1CCAFAFB000699C7 /* Main.storyboard */,
				708379811CCAFAFB000699C7 /* Assets.xcassets */,
				708379831CCAFAFB000699C7 /* LaunchScreen.storyboard */,
				708379861CCAFAFB000699C7 /* Info.plist */,
			);
			path = newTodoList;
			sourceTree = "<group>";
		};
		7083798C1CCAFC97000699C7 /* ViewControllers */ = {
			isa = PBXGroup;
			children = (
				708379961CCB1B1A000699C7 /* addTodoController.swift */,
			);
			name = ViewControllers;
			path = "carpeta sin título";
			sourceTree = "<group>";
		};
		708379931CCB142E000699C7 /* Models */ = {
			isa = PBXGroup;
			children = (
				708379941CCB147D000699C7 /* todoModel.swift */,
			);
			name = Models;
			path = "carpeta sin título";
			sourceTree = "<group>";
		};
/* End PBXGroup section */

/* Begin PBXNativeTarget section */
		708379761CCAFAFB000699C7 /* newTodoList */ = {
			isa = PBXNativeTarget;
			buildConfigurationList = 708379891CCAFAFB000699C7 /* Build configuration list for PBXNativeTarget "newTodoList" */;
			buildPhases = (
				708379731CCAFAFB000699C7 /* Sources */,
				708379741CCAFAFB000699C7 /* Frameworks */,
				708379751CCAFAFB000699C7 /* Resources */,
			);
			buildRules = (
			);
			dependencies = (
			);
			name = newTodoList;
			productName = newTodoList;
			productReference = 708379771CCAFAFB000699C7 /* newTodoList.app */;
			productType = "com.apple.product-type.application";
		};
/* End PBXNativeTarget section */

/* Begin PBXProject section */
		7083796F1CCAFAFB000699C7 /* Project object */ = {
			isa = PBXProject;
			attributes = {
				LastSwiftUpdateCheck = 0730;
				LastUpgradeCheck = 0730;
				ORGANIZATIONNAME = CFPAPP;
				TargetAttributes = {
					708379761CCAFAFB000699C7 = {
						CreatedOnToolsVersion = 7.3;
					};
				};
			};
			buildConfigurationList = 708379721CCAFAFB000699C7 /* Build configuration list for PBXProject "newTodoList" */;
			compatibilityVersion = "Xcode 3.2";
			developmentRegion = English;
			hasScannedForEncodings = 0;
			knownRegions = (
				en,
				Base,
			);
			mainGroup = 7083796E1CCAFAFB000699C7;
			productRefGroup = 708379781CCAFAFB000699C7 /* Products */;
			projectDirPath = "";
			projectRoot = "";
			targets = (
				708379761CCAFAFB000699C7 /* newTodoList */,
			);
		};
/* End PBXProject section */

/* Begin PBXResourcesBuildPhase section */
		708379751CCAFAFB000699C7 /* Resources */ = {
			isa = PBXResourcesBuildPhase;
			buildActionMask = 2147483647;
			files = (
				708379851CCAFAFB000699C7 /* LaunchScreen.storyboard in Resources */,
				708379821CCAFAFB000699C7 /* Assets.xcassets in Resources */,
				708379801CCAFAFB000699C7 /* Main.storyboard in Resources */,
			);
			runOnlyForDeploymentPostprocessing = 0;
		};
/* End PBXResourcesBuildPhase section */

/* Begin PBXSourcesBuildPhase section */
		708379731CCAFAFB000699C7 /* Sources */ = {
			isa = PBXSourcesBuildPhase;
			buildActionMask = 2147483647;
			files = (
				7083797D1CCAFAFB000699C7 /* ViewController.swift in Sources */,
				708379951CCB147D000699C7 /* todoModel.swift in Sources */,
				7083797B1CCAFAFB000699C7 /* AppDelegate.swift in Sources */,
				708379971CCB1B1A000699C7 /* addTodoController.swift in Sources */,
			);
			runOnlyForDeploymentPostprocessing = 0;
		};
/* End PBXSourcesBuildPhase section */

/* Begin PBXVariantGroup section */
		7083797E1CCAFAFB000699C7 /* Main.storyboard */ = {
			isa = PBXVariantGroup;
			children = (
				7083797F1CCAFAFB000699C7 /* Base */,
			);
			name = Main.storyboard;
			sourceTree = "<group>";
		};
		708379831CCAFAFB000699C7 /* LaunchScreen.storyboard */ = {
			isa = PBXVariantGroup;
			children = (
				708379841CCAFAFB000699C7 /* Base */,
			);
			name = LaunchScreen.storyboard;
			sourceTree = "<group>";
		};
/* End PBXVariantGroup section */

/* Begin XCBuildConfiguration section */
		708379871CCAFAFB000699C7 /* Debug */ = {
			isa = XCBuildConfiguration;
			buildSettings = {
				ALWAYS_SEARCH_USER_PATHS = NO;
				CLANG_ANALYZER_NONNULL = YES;
				CLANG_CXX_LANGUAGE_STANDARD = "gnu++0x";
				CLANG_CXX_LIBRARY = "libc++";
				CLANG_ENABLE_MODULES = YES;
				CLANG_ENABLE_OBJC_ARC = YES;
				CLANG_WARN_BOOL_CONVERSION = YES;
				CLANG_WARN_CONSTANT_CONVERSION = YES;
				CLANG_WARN_DIRECT_OBJC_ISA_USAGE = YES_ERROR;
				CLANG_WARN_EMPTY_BODY = YES;
				CLANG_WARN_ENUM_CONVERSION = YES;
				CLANG_WARN_INT_CONVERSION = YES;
				CLANG_WARN_OBJC_ROOT_CLASS = YES_ERROR;
				CLANG_WARN_UNREACHABLE_CODE = YES;
				CLANG_WARN__DUPLICATE_METHOD_MATCH = YES;
				"CODE_SIGN_IDENTITY[sdk=iphoneos*]" = "iPhone Developer";
				COPY_PHASE_STRIP = NO;
				DEBUG_INFORMATION_FORMAT = dwarf;
				ENABLE_STRICT_OBJC_MSGSEND = YES;
				ENABLE_TESTABILITY = YES;
				GCC_C_LANGUAGE_STANDARD = gnu99;
				GCC_DYNAMIC_NO_PIC = NO;
				GCC_NO_COMMON_BLOCKS = YES;
				GCC_OPTIMIZATION_LEVEL = 0;
				GCC_PREPROCESSOR_DEFINITIONS = (
					"DEBUG=1",
					"$(inherited)",
				);
				GCC_WARN_64_TO_32_BIT_CONVERSION = YES;
				GCC_WARN_ABOUT_RETURN_TYPE = YES_ERROR;
				GCC_WARN_UNDECLARED_SELECTOR = YES;
				GCC_WARN_UNINITIALIZED_AUTOS = YES_AGGRESSIVE;
				GCC_WARN_UNUSED_FUNCTION = YES;
				GCC_WARN_UNUSED_VARIABLE = YES;
				IPHONEOS_DEPLOYMENT_TARGET = 9.3;
				MTL_ENABLE_DEBUG_INFO = YES;
				ONLY_ACTIVE_ARCH = YES;
				SDKROOT = iphoneos;
				SWIFT_OPTIMIZATION_LEVEL = "-O";
				TARGETED_DEVICE_FAMILY = "1,2";
			};
			name = Debug;
		};
		708379881CCAFAFB000699C7 /* Release */ = {
			isa = XCBuildConfiguration;
			buildSettings = {
				ALWAYS_SEARCH_USER_PATHS = NO;
				CLANG_ANALYZER_NONNULL = YES;
				CLANG_CXX_LANGUAGE_STANDARD = "gnu++0x";
				CLANG_CXX_LIBRARY = "libc++";
				CLANG_ENABLE_MODULES = YES;
				CLANG_ENABLE_OBJC_ARC = YES;
				CLANG_WARN_BOOL_CONVERSION = YES;
				CLANG_WARN_CONSTANT_CONVERSION = YES;
				CLANG_WARN_DIRECT_OBJC_ISA_USAGE = YES_ERROR;
				CLANG_WARN_EMPTY_BODY = YES;
				CLANG_WARN_ENUM_CONVERSION = YES;
				CLANG_WARN_INT_CONVERSION = YES;
				CLANG_WARN_OBJC_ROOT_CLASS = YES_ERROR;
				CLANG_WARN_UNREACHABLE_CODE = YES;
				CLANG_WARN__DUPLICATE_METHOD_MATCH = YES;
				"CODE_SIGN_IDENTITY[sdk=iphoneos*]" = "iPhone Developer";
				COPY_PHASE_STRIP = NO;
				DEBUG_INFORMATION_FORMAT = "dwarf-with-dsym";
				ENABLE_NS_ASSERTIONS = NO;
				ENABLE_STRICT_OBJC_MSGSEND = YES;
				GCC_C_LANGUAGE_STANDARD = gnu99;
				GCC_NO_COMMON_BLOCKS = YES;
				GCC_WARN_64_TO_32_BIT_CONVERSION = YES;
				GCC_WARN_ABOUT_RETURN_TYPE = YES_ERROR;
				GCC_WARN_UNDECLARED_SELECTOR = YES;
				GCC_WARN_UNINITIALIZED_AUTOS = YES_AGGRESSIVE;
				GCC_WARN_UNUSED_FUNCTION = YES;
				GCC_WARN_UNUSED_VARIABLE = YES;
				IPHONEOS_DEPLOYMENT_TARGET = 9.3;
				MTL_ENABLE_DEBUG_INFO = NO;
				SDKROOT = iphoneos;
				SWIFT_OPTIMIZATION_LEVEL = "-O";
				TARGETED_DEVICE_FAMILY = "1,2";
				VALIDATE_PRODUCT = YES;
			};
			name = Release;
		};
		7083798A1CCAFAFB000699C7 /* Debug */ = {
			isa = XCBuildConfiguration;
			buildSettings = {
				ASSETCATALOG_COMPILER_APPICON_NAME = AppIcon;
				INFOPLIST_FILE = newTodoList/Info.plist;
				LD_RUNPATH_SEARCH_PATHS = "$(inherited) @executable_path/Frameworks";
				PRODUCT_BUNDLE_IDENTIFIER = com.cfp.newTodoList;
				PRODUCT_NAME = "$(TARGET_NAME)";
			};
			name = Debug;
		};
		7083798B1CCAFAFB000699C7 /* Release */ = {
			isa = XCBuildConfiguration;
			buildSettings = {
				ASSETCATALOG_COMPILER_APPICON_NAME = AppIcon;
				INFOPLIST_FILE = newTodoList/Info.plist;
				LD_RUNPATH_SEARCH_PATHS = "$(inherited) @executable_path/Frameworks";
				PRODUCT_BUNDLE_IDENTIFIER = com.cfp.newTodoList;
				PRODUCT_NAME = "$(TARGET_NAME)";
			};
			name = Release;
		};
/* End XCBuildConfiguration section */

/* Begin XCConfigurationList section */
		708379721CCAFAFB000699C7 /* Build configuration list for PBXProject "newTodoList" */ = {
			isa = XCConfigurationList;
			buildConfigurations = (
				708379871CCAFAFB000699C7 /* Debug */,
				708379881CCAFAFB000699C7 /* Release */,
			);
			defaultConfigurationIsVisible = 0;
			defaultConfigurationName = Release;
		};
		708379891CCAFAFB000699C7 /* Build configuration list for PBXNativeTarget "newTodoList" */ = {
			isa = XCConfigurationList;
			buildConfigurations = (
				7083798A1CCAFAFB000699C7 /* Debug */,
				7083798B1CCAFAFB000699C7 /* Release */,
			);
			defaultConfigurationIsVisible = 0;
		};
/* End XCConfigurationList section */
	};
	rootObject = 7083796F1CCAFAFB000699C7 /* Project object */;
}
